PODS:
  - LGSideMenuController (2.1.1)

DEPENDENCIES:
  - LGSideMenuController

SPEC REPOS:
  https://github.com/cocoapods/specs.git:
    - LGSideMenuController

SPEC CHECKSUMS:
  LGSideMenuController: ae40c80983ab8b8801c7cef0a6804d43aaa72d45

PODFILE CHECKSUM: 5702e6211f057b4f38e353e70fb6954bd25060cb

COCOAPODS: 1.5.3
